
Microsoft Visual Studio Solution File, Format Version 12.00
# Visual Studio Version 17
VisualStudioVersion = 17.3.32929.385
MinimumVisualStudioVersion = 10.0.40219.1
Project("{9A19103F-16F7-4668-BE54-9A1E7A4F7556}") = "LeisClasses", "LeisClasses\LeisClasses.csproj", "{F7F17A3B-2ACA-4774-9C6F-07D6355C89CF}"
EndProject
Project("{9A19103F-16F7-4668-BE54-9A1E7A4F7556}") = "Source", "Source\Source.csproj", "{E941D12D-B84B-426C-BB9B-E1237A13A151}"
EndProject
Project("{FAE04EC0-301F-11D3-BF4B-00C04F79EFBC}") = "server", "server\server.csproj", "{4FA7E64C-36E3-42F3-8B81-3B773D5AE58B}"
EndProject
Global
	GlobalSection(SolutionConfigurationPlatforms) = preSolution
		Debug|Any CPU = Debug|Any CPU
		Release|Any CPU = Release|Any CPU
	EndGlobalSection
	GlobalSection(ProjectConfigurationPlatforms) = postSolution
		{F7F17A3B-2ACA-4774-9C6F-07D6355C89CF}.Debug|Any CPU.ActiveCfg = Debug|Any CPU
		{F7F17A3B-2ACA-4774-9C6F-07D6355C89CF}.Debug|Any CPU.Build.0 = Debug|Any CPU
		{F7F17A3B-2ACA-4774-9C6F-07D6355C89CF}.Release|Any CPU.ActiveCfg = Release|Any CPU
		{F7F17A3B-2ACA-4774-9C6F-07D6355C89CF}.Release|Any CPU.Build.0 = Release|Any CPU
		{E941D12D-B84B-426C-BB9B-E1237A13A151}.Debug|Any CPU.ActiveCfg = Debug|Any CPU
		{E941D12D-B84B-426C-BB9B-E1237A13A151}.Debug|Any CPU.Build.0 = Debug|Any CPU
		{E941D12D-B84B-426C-BB9B-E1237A13A151}.Release|Any CPU.ActiveCfg = Release|Any CPU
		{E941D12D-B84B-426C-BB9B-E1237A13A151}.Release|Any CPU.Build.0 = Release|Any CPU
		{4FA7E64C-36E3-42F3-8B81-3B773D5AE58B}.Debug|Any CPU.ActiveCfg = Debug|Any CPU
		{4FA7E64C-36E3-42F3-8B81-3B773D5AE58B}.Debug|Any CPU.Build.0 = Debug|Any CPU
		{4FA7E64C-36E3-42F3-8B81-3B773D5AE58B}.Release|Any CPU.ActiveCfg = Release|Any CPU
		{4FA7E64C-36E3-42F3-8B81-3B773D5AE58B}.Release|Any CPU.Build.0 = Release|Any CPU
	EndGlobalSection
	GlobalSection(SolutionProperties) = preSolution
		HideSolutionNode = FALSE
	EndGlobalSection
	GlobalSection(ExtensibilityGlobals) = postSolution
		SolutionGuid = {4E6DCBF8-49BE-4106-8AB2-84EB9361774C}
	EndGlobalSection
EndGlobal
